
Microsoft Visual Studio Solution File, Format Version 12.00
# Visual Studio Version 17
VisualStudioVersion = 17.7.34018.315
MinimumVisualStudioVersion = 10.0.40219.1
Project("{FAE04EC0-301F-11D3-BF4B-00C04F79EFBC}") = "QuizApp.Bot", "QuizApp.Bot\QuizApp.Bot.csproj", "{E5868123-8BBD-406A-9E7F-2A3ECE0E5C84}"
EndProject
Project("{2150E333-8FDC-42A3-9474-1A3956D46DE8}") = "Solution Items", "Solution Items", "{1C1F2F83-F44F-4D6B-8C5B-1EB40E78F3BC}"
EndProject
Global
	GlobalSection(SolutionConfigurationPlatforms) = preSolution
		Debug|Any CPU = Debug|Any CPU
		Release|Any CPU = Release|Any CPU
	EndGlobalSection
	GlobalSection(ProjectConfigurationPlatforms) = postSolution
		{E5868123-8BBD-406A-9E7F-2A3ECE0E5C84}.Debug|Any CPU.ActiveCfg = Debug|Any CPU
		{E5868123-8BBD-406A-9E7F-2A3ECE0E5C84}.Debug|Any CPU.Build.0 = Debug|Any CPU
		{E5868123-8BBD-406A-9E7F-2A3ECE0E5C84}.Release|Any CPU.ActiveCfg = Release|Any CPU
		{E5868123-8BBD-406A-9E7F-2A3ECE0E5C84}.Release|Any CPU.Build.0 = Release|Any CPU
	EndGlobalSection
	GlobalSection(SolutionProperties) = preSolution
		HideSolutionNode = FALSE
	EndGlobalSection
	GlobalSection(ExtensibilityGlobals) = postSolution
		SolutionGuid = {0A96CC67-0FA3-430E-842C-F439F6508629}
	EndGlobalSection
EndGlobal
